// !$*UTF8*$!
{
	archiveVersion = 1;
	classes = {
	};
	objectVersion = 56;
	objects = {

/* Begin PBXBuildFile section */
		1F0701132BE4076F00104FE6 /* HabitCollectionViewCell.swift in Sources */ = {isa = PBXBuildFile; fileRef = 1F0701122BE4076F00104FE6 /* HabitCollectionViewCell.swift */; };
		1F20091C2BC5B0F900A311CB /* HabitsViewController.swift in Sources */ = {isa = PBXBuildFile; fileRef = 1F20091B2BC5B0F900A311CB /* HabitsViewController.swift */; };
		1F20091E2BC5B32500A311CB /* InfoViewController.swift in Sources */ = {isa = PBXBuildFile; fileRef = 1F20091D2BC5B32500A311CB /* InfoViewController.swift */; };
		1F6342802BC351A1004698CD /* AppDelegate.swift in Sources */ = {isa = PBXBuildFile; fileRef = 1F63427F2BC351A1004698CD /* AppDelegate.swift */; };
		1F6342822BC351A1004698CD /* SceneDelegate.swift in Sources */ = {isa = PBXBuildFile; fileRef = 1F6342812BC351A1004698CD /* SceneDelegate.swift */; };
		1F6342892BC351A4004698CD /* Assets.xcassets in Resources */ = {isa = PBXBuildFile; fileRef = 1F6342882BC351A4004698CD /* Assets.xcassets */; };
		1F63428C2BC351A4004698CD /* Base in Resources */ = {isa = PBXBuildFile; fileRef = 1F63428B2BC351A4004698CD /* Base */; };
		1F8D7DD02BCDD0570055667A /* HabitViewController.swift in Sources */ = {isa = PBXBuildFile; fileRef = 1F8D7DCF2BCDD0570055667A /* HabitViewController.swift */; };
		1F99B5B02BFEA51A00104EB1 /* HabitsStore.swift in Sources */ = {isa = PBXBuildFile; fileRef = 1F99B5AF2BFEA51A00104EB1 /* HabitsStore.swift */; };
		1FB370222BEFA77400CA25B0 /* ProgressCollectionViewCell.swift in Sources */ = {isa = PBXBuildFile; fileRef = 1FB370212BEFA77300CA25B0 /* ProgressCollectionViewCell.swift */; };
		1FB505FD2BF55F1A000DAF66 /* HabitDetailsViewController.swift in Sources */ = {isa = PBXBuildFile; fileRef = 1FB505FC2BF55F1A000DAF66 /* HabitDetailsViewController.swift */; };
		1FB505FF2BF55F4C000DAF66 /* HabitDetailsViewCell.swift in Sources */ = {isa = PBXBuildFile; fileRef = 1FB505FE2BF55F4C000DAF66 /* HabitDetailsViewCell.swift */; };
/* End PBXBuildFile section */

/* Begin PBXFileReference section */
		1F0701122BE4076F00104FE6 /* HabitCollectionViewCell.swift */ = {isa = PBXFileReference; lastKnownFileType = sourcecode.swift; path = HabitCollectionViewCell.swift; sourceTree = "<group>"; };
		1F20091B2BC5B0F900A311CB /* HabitsViewController.swift */ = {isa = PBXFileReference; lastKnownFileType = sourcecode.swift; path = HabitsViewController.swift; sourceTree = "<group>"; };
		1F20091D2BC5B32500A311CB /* InfoViewController.swift */ = {isa = PBXFileReference; lastKnownFileType = sourcecode.swift; path = InfoViewController.swift; sourceTree = "<group>"; };
		1F63427C2BC351A1004698CD /* MyHabits.app */ = {isa = PBXFileReference; explicitFileType = wrapper.application; includeInIndex = 0; path = MyHabits.app; sourceTree = BUILT_PRODUCTS_DIR; };
		1F63427F2BC351A1004698CD /* AppDelegate.swift */ = {isa = PBXFileReference; lastKnownFileType = sourcecode.swift; path = AppDelegate.swift; sourceTree = "<group>"; };
		1F6342812BC351A1004698CD /* SceneDelegate.swift */ = {isa = PBXFileReference; lastKnownFileType = sourcecode.swift; path = SceneDelegate.swift; sourceTree = "<group>"; };
		1F6342882BC351A4004698CD /* Assets.xcassets */ = {isa = PBXFileReference; lastKnownFileType = folder.assetcatalog; path = Assets.xcassets; sourceTree = "<group>"; };
		1F63428B2BC351A4004698CD /* Base */ = {isa = PBXFileReference; lastKnownFileType = file.storyboard; name = Base; path = Base.lproj/LaunchScreen.storyboard; sourceTree = "<group>"; };
		1F63428D2BC351A4004698CD /* Info.plist */ = {isa = PBXFileReference; lastKnownFileType = text.plist.xml; path = Info.plist; sourceTree = "<group>"; };
		1F8D7DCF2BCDD0570055667A /* HabitViewController.swift */ = {isa = PBXFileReference; lastKnownFileType = sourcecode.swift; path = HabitViewController.swift; sourceTree = "<group>"; };
		1F99B5AF2BFEA51A00104EB1 /* HabitsStore.swift */ = {isa = PBXFileReference; fileEncoding = 4; lastKnownFileType = sourcecode.swift; path = HabitsStore.swift; sourceTree = "<group>"; };
		1FB370212BEFA77300CA25B0 /* ProgressCollectionViewCell.swift */ = {isa = PBXFileReference; lastKnownFileType = sourcecode.swift; path = ProgressCollectionViewCell.swift; sourceTree = "<group>"; };
		1FB505FC2BF55F1A000DAF66 /* HabitDetailsViewController.swift */ = {isa = PBXFileReference; lastKnownFileType = sourcecode.swift; path = HabitDetailsViewController.swift; sourceTree = "<group>"; };
		1FB505FE2BF55F4C000DAF66 /* HabitDetailsViewCell.swift */ = {isa = PBXFileReference; lastKnownFileType = sourcecode.swift; path = HabitDetailsViewCell.swift; sourceTree = "<group>"; };
/* End PBXFileReference section */

/* Begin PBXFrameworksBuildPhase section */
		1F6342792BC351A1004698CD /* Frameworks */ = {
			isa = PBXFrameworksBuildPhase;
			buildActionMask = 2147483647;
			files = (
			);
			runOnlyForDeploymentPostprocessing = 0;
		};
/* End PBXFrameworksBuildPhase section */

/* Begin PBXGroup section */
		1F6342732BC351A1004698CD = {
			isa = PBXGroup;
			children = (
				1F63427E2BC351A1004698CD /* MyHabits */,
				1F63427D2BC351A1004698CD /* Products */,
			);
			sourceTree = "<group>";
		};
		1F63427D2BC351A1004698CD /* Products */ = {
			isa = PBXGroup;
			children = (
				1F63427C2BC351A1004698CD /* MyHabits.app */,
			);
			name = Products;
			sourceTree = "<group>";
		};
		1F63427E2BC351A1004698CD /* MyHabits */ = {
			isa = PBXGroup;
			children = (
				1F63427F2BC351A1004698CD /* AppDelegate.swift */,
				1F6342812BC351A1004698CD /* SceneDelegate.swift */,
				1F20091B2BC5B0F900A311CB /* HabitsViewController.swift */,
				1F8D7DCF2BCDD0570055667A /* HabitViewController.swift */,
				1FB505FC2BF55F1A000DAF66 /* HabitDetailsViewController.swift */,
				1FB505FE2BF55F4C000DAF66 /* HabitDetailsViewCell.swift */,
				1F20091D2BC5B32500A311CB /* InfoViewController.swift */,
				1F0701122BE4076F00104FE6 /* HabitCollectionViewCell.swift */,
				1FB370212BEFA77300CA25B0 /* ProgressCollectionViewCell.swift */,
				1F99B5AF2BFEA51A00104EB1 /* HabitsStore.swift */,
				1F6342882BC351A4004698CD /* Assets.xcassets */,
				1F63428A2BC351A4004698CD /* LaunchScreen.storyboard */,
				1F63428D2BC351A4004698CD /* Info.plist */,
			);
			path = MyHabits;
			sourceTree = "<group>";
		};
/* End PBXGroup section */

/* Begin PBXNativeTarget section */
		1F63427B2BC351A1004698CD /* MyHabits */ = {
			isa = PBXNativeTarget;
			buildConfigurationList = 1F6342902BC351A4004698CD /* Build configuration list for PBXNativeTarget "MyHabits" */;
			buildPhases = (
				1F6342782BC351A1004698CD /* Sources */,
				1F6342792BC351A1004698CD /* Frameworks */,
				1F63427A2BC351A1004698CD /* Resources */,
			);
			buildRules = (
			);
			dependencies = (
			);
			name = MyHabits;
			productName = MyHabits;
			productReference = 1F63427C2BC351A1004698CD /* MyHabits.app */;
			productType = "com.apple.product-type.application";
		};
/* End PBXNativeTarget section */

/* Begin PBXProject section */
		1F6342742BC351A1004698CD /* Project object */ = {
			isa = PBXProject;
			attributes = {
				BuildIndependentTargetsInParallel = 1;
				LastSwiftUpdateCheck = 1530;
				LastUpgradeCheck = 1530;
				TargetAttributes = {
					1F63427B2BC351A1004698CD = {
						CreatedOnToolsVersion = 15.3;
					};
				};
			};
			buildConfigurationList = 1F6342772BC351A1004698CD /* Build configuration list for PBXProject "MyHabits" */;
			compatibilityVersion = "Xcode 14.0";
			developmentRegion = en;
			hasScannedForEncodings = 0;
			knownRegions = (
				en,
				Base,
			);
			mainGroup = 1F6342732BC351A1004698CD;
			productRefGroup = 1F63427D2BC351A1004698CD /* Products */;
			projectDirPath = "";
			projectRoot = "";
			targets = (
				1F63427B2BC351A1004698CD /* MyHabits */,
			);
		};
/* End PBXProject section */

/* Begin PBXResourcesBuildPhase section */
		1F63427A2BC351A1004698CD /* Resources */ = {
			isa = PBXResourcesBuildPhase;
			buildActionMask = 2147483647;
			files = (
				1F6342892BC351A4004698CD /* Assets.xcassets in Resources */,
				1F63428C2BC351A4004698CD /* Base in Resources */,
			);
			runOnlyForDeploymentPostprocessing = 0;
		};
/* End PBXResourcesBuildPhase section */

/* Begin PBXSourcesBuildPhase section */
		1F6342782BC351A1004698CD /* Sources */ = {
			isa = PBXSourcesBuildPhase;
			buildActionMask = 2147483647;
			files = (
				1F8D7DD02BCDD0570055667A /* HabitViewController.swift in Sources */,
				1F0701132BE4076F00104FE6 /* HabitCollectionViewCell.swift in Sources */,
				1F99B5B02BFEA51A00104EB1 /* HabitsStore.swift in Sources */,
				1F6342802BC351A1004698CD /* AppDelegate.swift in Sources */,
				1F20091C2BC5B0F900A311CB /* HabitsViewController.swift in Sources */,
				1F20091E2BC5B32500A311CB /* InfoViewController.swift in Sources */,
				1FB370222BEFA77400CA25B0 /* ProgressCollectionViewCell.swift in Sources */,
				1FB505FD2BF55F1A000DAF66 /* HabitDetailsViewController.swift in Sources */,
				1FB505FF2BF55F4C000DAF66 /* HabitDetailsViewCell.swift in Sources */,
				1F6342822BC351A1004698CD /* SceneDelegate.swift in Sources */,
			);
			runOnlyForDeploymentPostprocessing = 0;
		};
/* End PBXSourcesBuildPhase section */

/* Begin PBXVariantGroup section */
		1F63428A2BC351A4004698CD /* LaunchScreen.storyboard */ = {
			isa = PBXVariantGroup;
			children = (
				1F63428B2BC351A4004698CD /* Base */,
			);
			name = LaunchScreen.storyboard;
			sourceTree = "<group>";
		};
/* End PBXVariantGroup section */

/* Begin XCBuildConfiguration section */
		1F63428E2BC351A4004698CD /* Debug */ = {
			isa = XCBuildConfiguration;
			buildSettings = {
				ALWAYS_SEARCH_USER_PATHS = NO;
				ASSETCATALOG_COMPILER_GENERATE_SWIFT_ASSET_SYMBOL_EXTENSIONS = YES;
				CLANG_ANALYZER_NONNULL = YES;
				CLANG_ANALYZER_NUMBER_OBJECT_CONVERSION = YES_AGGRESSIVE;
				CLANG_CXX_LANGUAGE_STANDARD = "gnu++20";
				CLANG_ENABLE_MODULES = YES;
				CLANG_ENABLE_OBJC_ARC = YES;
				CLANG_ENABLE_OBJC_WEAK = YES;
				CLANG_WARN_BLOCK_CAPTURE_AUTORELEASING = YES;
				CLANG_WARN_BOOL_CONVERSION = YES;
				CLANG_WARN_COMMA = YES;
				CLANG_WARN_CONSTANT_CONVERSION = YES;
				CLANG_WARN_DEPRECATED_OBJC_IMPLEMENTATIONS = YES;
				CLANG_WARN_DIRECT_OBJC_ISA_USAGE = YES_ERROR;
				CLANG_WARN_DOCUMENTATION_COMMENTS = YES;
				CLANG_WARN_EMPTY_BODY = YES;
				CLANG_WARN_ENUM_CONVERSION = YES;
				CLANG_WARN_INFINITE_RECURSION = YES;
				CLANG_WARN_INT_CONVERSION = YES;
				CLANG_WARN_NON_LITERAL_NULL_CONVERSION = YES;
				CLANG_WARN_OBJC_IMPLICIT_RETAIN_SELF = YES;
				CLANG_WARN_OBJC_LITERAL_CONVERSION = YES;
				CLANG_WARN_OBJC_ROOT_CLASS = YES_ERROR;
				CLANG_WARN_QUOTED_INCLUDE_IN_FRAMEWORK_HEADER = YES;
				CLANG_WARN_RANGE_LOOP_ANALYSIS = YES;
				CLANG_WARN_STRICT_PROTOTYPES = YES;
				CLANG_WARN_SUSPICIOUS_MOVE = YES;
				CLANG_WARN_UNGUARDED_AVAILABILITY = YES_AGGRESSIVE;
				CLANG_WARN_UNREACHABLE_CODE = YES;
				CLANG_WARN__DUPLICATE_METHOD_MATCH = YES;
				COPY_PHASE_STRIP = NO;
				DEBUG_INFORMATION_FORMAT = dwarf;
				ENABLE_STRICT_OBJC_MSGSEND = YES;
				ENABLE_TESTABILITY = YES;
				ENABLE_USER_SCRIPT_SANDBOXING = YES;
				GCC_C_LANGUAGE_STANDARD = gnu17;
				GCC_DYNAMIC_NO_PIC = NO;
				GCC_NO_COMMON_BLOCKS = YES;
				GCC_OPTIMIZATION_LEVEL = 0;
				GCC_PREPROCESSOR_DEFINITIONS = (
					"DEBUG=1",
					"$(inherited)",
				);
				GCC_WARN_64_TO_32_BIT_CONVERSION = YES;
				GCC_WARN_ABOUT_RETURN_TYPE = YES_ERROR;
				GCC_WARN_UNDECLARED_SELECTOR = YES;
				GCC_WARN_UNINITIALIZED_AUTOS = YES_AGGRESSIVE;
				GCC_WARN_UNUSED_FUNCTION = YES;
				GCC_WARN_UNUSED_VARIABLE = YES;
				IPHONEOS_DEPLOYMENT_TARGET = 17.4;
				LOCALIZATION_PREFERS_STRING_CATALOGS = YES;
				MTL_ENABLE_DEBUG_INFO = INCLUDE_SOURCE;
				MTL_FAST_MATH = YES;
				ONLY_ACTIVE_ARCH = YES;
				SDKROOT = iphoneos;
				SWIFT_ACTIVE_COMPILATION_CONDITIONS = "DEBUG $(inherited)";
				SWIFT_OPTIMIZATION_LEVEL = "-Onone";
			};
			name = Debug;
		};
		1F63428F2BC351A4004698CD /* Release */ = {
			isa = XCBuildConfiguration;
			buildSettings = {
				ALWAYS_SEARCH_USER_PATHS = NO;
				ASSETCATALOG_COMPILER_GENERATE_SWIFT_ASSET_SYMBOL_EXTENSIONS = YES;
				CLANG_ANALYZER_NONNULL = YES;
				CLANG_ANALYZER_NUMBER_OBJECT_CONVERSION = YES_AGGRESSIVE;
				CLANG_CXX_LANGUAGE_STANDARD = "gnu++20";
				CLANG_ENABLE_MODULES = YES;
				CLANG_ENABLE_OBJC_ARC = YES;
				CLANG_ENABLE_OBJC_WEAK = YES;
				CLANG_WARN_BLOCK_CAPTURE_AUTORELEASING = YES;
				CLANG_WARN_BOOL_CONVERSION = YES;
				CLANG_WARN_COMMA = YES;
				CLANG_WARN_CONSTANT_CONVERSION = YES;
				CLANG_WARN_DEPRECATED_OBJC_IMPLEMENTATIONS = YES;
				CLANG_WARN_DIRECT_OBJC_ISA_USAGE = YES_ERROR;
				CLANG_WARN_DOCUMENTATION_COMMENTS = YES;
				CLANG_WARN_EMPTY_BODY = YES;
				CLANG_WARN_ENUM_CONVERSION = YES;
				CLANG_WARN_INFINITE_RECURSION = YES;
				CLANG_WARN_INT_CONVERSION = YES;
				CLANG_WARN_NON_LITERAL_NULL_CONVERSION = YES;
				CLANG_WARN_OBJC_IMPLICIT_RETAIN_SELF = YES;
				CLANG_WARN_OBJC_LITERAL_CONVERSION = YES;
				CLANG_WARN_OBJC_ROOT_CLASS = YES_ERROR;
				CLANG_WARN_QUOTED_INCLUDE_IN_FRAMEWORK_HEADER = YES;
				CLANG_WARN_RANGE_LOOP_ANALYSIS = YES;
				CLANG_WARN_STRICT_PROTOTYPES = YES;
				CLANG_WARN_SUSPICIOUS_MOVE = YES;
				CLANG_WARN_UNGUARDED_AVAILABILITY = YES_AGGRESSIVE;
				CLANG_WARN_UNREACHABLE_CODE = YES;
				CLANG_WARN__DUPLICATE_METHOD_MATCH = YES;
				COPY_PHASE_STRIP = NO;
				DEBUG_INFORMATION_FORMAT = "dwarf-with-dsym";
				ENABLE_NS_ASSERTIONS = NO;
				ENABLE_STRICT_OBJC_MSGSEND = YES;
				ENABLE_USER_SCRIPT_SANDBOXING = YES;
				GCC_C_LANGUAGE_STANDARD = gnu17;
				GCC_NO_COMMON_BLOCKS = YES;
				GCC_WARN_64_TO_32_BIT_CONVERSION = YES;
				GCC_WARN_ABOUT_RETURN_TYPE = YES_ERROR;
				GCC_WARN_UNDECLARED_SELECTOR = YES;
				GCC_WARN_UNINITIALIZED_AUTOS = YES_AGGRESSIVE;
				GCC_WARN_UNUSED_FUNCTION = YES;
				GCC_WARN_UNUSED_VARIABLE = YES;
				IPHONEOS_DEPLOYMENT_TARGET = 17.4;
				LOCALIZATION_PREFERS_STRING_CATALOGS = YES;
				MTL_ENABLE_DEBUG_INFO = NO;
				MTL_FAST_MATH = YES;
				SDKROOT = iphoneos;
				SWIFT_COMPILATION_MODE = wholemodule;
				VALIDATE_PRODUCT = YES;
			};
			name = Release;
		};
		1F6342912BC351A4004698CD /* Debug */ = {
			isa = XCBuildConfiguration;
			buildSettings = {
				ASSETCATALOG_COMPILER_APPICON_NAME = AppIcon;
				ASSETCATALOG_COMPILER_GLOBAL_ACCENT_COLOR_NAME = AccentColor;
				CODE_SIGN_STYLE = Automatic;
				CURRENT_PROJECT_VERSION = 1;
				DEVELOPMENT_TEAM = FJXFAHPPM6;
				GENERATE_INFOPLIST_FILE = YES;
				INFOPLIST_FILE = MyHabits/Info.plist;
				INFOPLIST_KEY_UIApplicationSupportsIndirectInputEvents = YES;
				INFOPLIST_KEY_UILaunchStoryboardName = LaunchScreen;
				INFOPLIST_KEY_UISupportedInterfaceOrientations = UIInterfaceOrientationPortrait;
				LD_RUNPATH_SEARCH_PATHS = (
					"$(inherited)",
					"@executable_path/Frameworks",
				);
				MARKETING_VERSION = 1.0;
				PRODUCT_BUNDLE_IDENTIFIER = ru.fregatagent.MyHabits;
				PRODUCT_NAME = "$(TARGET_NAME)";
				SWIFT_EMIT_LOC_STRINGS = YES;
				SWIFT_VERSION = 5.0;
				TARGETED_DEVICE_FAMILY = "1,2";
			};
			name = Debug;
		};
		1F6342922BC351A4004698CD /* Release */ = {
			isa = XCBuildConfiguration;
			buildSettings = {
				ASSETCATALOG_COMPILER_APPICON_NAME = AppIcon;
				ASSETCATALOG_COMPILER_GLOBAL_ACCENT_COLOR_NAME = AccentColor;
				CODE_SIGN_STYLE = Automatic;
				CURRENT_PROJECT_VERSION = 1;
				DEVELOPMENT_TEAM = FJXFAHPPM6;
				GENERATE_INFOPLIST_FILE = YES;
				INFOPLIST_FILE = MyHabits/Info.plist;
				INFOPLIST_KEY_UIApplicationSupportsIndirectInputEvents = YES;
				INFOPLIST_KEY_UILaunchStoryboardName = LaunchScreen;
				INFOPLIST_KEY_UISupportedInterfaceOrientations = UIInterfaceOrientationPortrait;
				LD_RUNPATH_SEARCH_PATHS = (
					"$(inherited)",
					"@executable_path/Frameworks",
				);
				MARKETING_VERSION = 1.0;
				PRODUCT_BUNDLE_IDENTIFIER = ru.fregatagent.MyHabits;
				PRODUCT_NAME = "$(TARGET_NAME)";
				SWIFT_EMIT_LOC_STRINGS = YES;
				SWIFT_VERSION = 5.0;
				TARGETED_DEVICE_FAMILY = "1,2";
			};
			name = Release;
		};
/* End XCBuildConfiguration section */

/* Begin XCConfigurationList section */
		1F6342772BC351A1004698CD /* Build configuration list for PBXProject "MyHabits" */ = {
			isa = XCConfigurationList;
			buildConfigurations = (
				1F63428E2BC351A4004698CD /* Debug */,
				1F63428F2BC351A4004698CD /* Release */,
			);
			defaultConfigurationIsVisible = 0;
			defaultConfigurationName = Release;
		};
		1F6342902BC351A4004698CD /* Build configuration list for PBXNativeTarget "MyHabits" */ = {
			isa = XCConfigurationList;
			buildConfigurations = (
				1F6342912BC351A4004698CD /* Debug */,
				1F6342922BC351A4004698CD /* Release */,
			);
			defaultConfigurationIsVisible = 0;
			defaultConfigurationName = Release;
		};
/* End XCConfigurationList section */
	};
	rootObject = 1F6342742BC351A1004698CD /* Project object */;
}
